
Microsoft Visual Studio Solution File, Format Version 12.00
# Visual Studio Version 16
VisualStudioVersion = 16.0.29306.81
MinimumVisualStudioVersion = 10.0.40219.1
Project("{FAE04EC0-301F-11D3-BF4B-00C04F79EFBC}") = "NoteAppUI", "NoteAppUI\NoteAppUI.csproj", "{89EF2E33-5150-4C81-918E-A6C3B1786B41}"
EndProject
Project("{FAE04EC0-301F-11D3-BF4B-00C04F79EFBC}") = "NoteApp", "NoteApp\NoteApp.csproj", "{9BBF7319-DE8D-4ABB-9060-A88263640845}"
EndProject
Project("{FAE04EC0-301F-11D3-BF4B-00C04F79EFBC}") = "NoteApp.UnitTests", "NoteApp.UnitTests\NoteApp.UnitTests.csproj", "{05C27BF0-0E8A-43FD-92F5-AD2ED2A98B56}"
EndProject
Global
	GlobalSection(SolutionConfigurationPlatforms) = preSolution
		Debug|Any CPU = Debug|Any CPU
		Release|Any CPU = Release|Any CPU
	EndGlobalSection
	GlobalSection(ProjectConfigurationPlatforms) = postSolution
		{89EF2E33-5150-4C81-918E-A6C3B1786B41}.Debug|Any CPU.ActiveCfg = Debug|Any CPU
		{89EF2E33-5150-4C81-918E-A6C3B1786B41}.Debug|Any CPU.Build.0 = Debug|Any CPU
		{89EF2E33-5150-4C81-918E-A6C3B1786B41}.Release|Any CPU.ActiveCfg = Release|Any CPU
		{89EF2E33-5150-4C81-918E-A6C3B1786B41}.Release|Any CPU.Build.0 = Release|Any CPU
		{9BBF7319-DE8D-4ABB-9060-A88263640845}.Debug|Any CPU.ActiveCfg = Debug|Any CPU
		{9BBF7319-DE8D-4ABB-9060-A88263640845}.Debug|Any CPU.Build.0 = Debug|Any CPU
		{9BBF7319-DE8D-4ABB-9060-A88263640845}.Release|Any CPU.ActiveCfg = Release|Any CPU
		{9BBF7319-DE8D-4ABB-9060-A88263640845}.Release|Any CPU.Build.0 = Release|Any CPU
		{05C27BF0-0E8A-43FD-92F5-AD2ED2A98B56}.Debug|Any CPU.ActiveCfg = Debug|Any CPU
		{05C27BF0-0E8A-43FD-92F5-AD2ED2A98B56}.Debug|Any CPU.Build.0 = Debug|Any CPU
		{05C27BF0-0E8A-43FD-92F5-AD2ED2A98B56}.Release|Any CPU.ActiveCfg = Release|Any CPU
		{05C27BF0-0E8A-43FD-92F5-AD2ED2A98B56}.Release|Any CPU.Build.0 = Release|Any CPU
	EndGlobalSection
	GlobalSection(SolutionProperties) = preSolution
		HideSolutionNode = FALSE
	EndGlobalSection
	GlobalSection(ExtensibilityGlobals) = postSolution
		SolutionGuid = {73BF7CD9-2FD3-4535-818E-AAD6F556C030}
	EndGlobalSection
EndGlobal
